
Microsoft Visual Studio Solution File, Format Version 12.00
# Visual Studio Version 17
VisualStudioVersion = 17.0.32002.185
MinimumVisualStudioVersion = 10.0.40219.1
Project("{FAE04EC0-301F-11D3-BF4B-00C04F79EFBC}") = "Student Management App", "Student Management App\Student Management App.csproj", "{1DC09B3E-0E0D-44A9-9DD8-4F964692DBA3}"
EndProject
Global
	GlobalSection(SolutionConfigurationPlatforms) = preSolution
		Debug|Any CPU = Debug|Any CPU
		Release|Any CPU = Release|Any CPU
	EndGlobalSection
	GlobalSection(ProjectConfigurationPlatforms) = postSolution
		{1DC09B3E-0E0D-44A9-9DD8-4F964692DBA3}.Debug|Any CPU.ActiveCfg = Debug|Any CPU
		{1DC09B3E-0E0D-44A9-9DD8-4F964692DBA3}.Debug|Any CPU.Build.0 = Debug|Any CPU
		{1DC09B3E-0E0D-44A9-9DD8-4F964692DBA3}.Release|Any CPU.ActiveCfg = Release|Any CPU
		{1DC09B3E-0E0D-44A9-9DD8-4F964692DBA3}.Release|Any CPU.Build.0 = Release|Any CPU
	EndGlobalSection
	GlobalSection(SolutionProperties) = preSolution
		HideSolutionNode = FALSE
	EndGlobalSection
	GlobalSection(ExtensibilityGlobals) = postSolution
		SolutionGuid = {7683B57B-CA50-4FB3-A0AC-D5425C8E9753}
	EndGlobalSection
EndGlobal
